
Microsoft Visual Studio Solution File, Format Version 11.00
# Visual Studio 2010
Project("{F184B08F-C81C-45F6-A57F-5ABD9991F28F}") = "WPFWindowLibrary", "WPFWindowLibrary\WPFWindowLibrary.vbproj", "{2B1F971A-0D70-4202-9EC1-E3C3A8B995BA}"
EndProject
Project("{F184B08F-C81C-45F6-A57F-5ABD9991F28F}") = "InteroperabilityWindowsForms", "InteroperabilityWindowsForms\InteroperabilityWindowsForms.vbproj", "{2F98CB7B-A505-4800-A05E-90C023AD3EE0}"
EndProject
Global
	GlobalSection(SolutionConfigurationPlatforms) = preSolution
		Debug|Any CPU = Debug|Any CPU
		Release|Any CPU = Release|Any CPU
	EndGlobalSection
	GlobalSection(ProjectConfigurationPlatforms) = postSolution
		{2B1F971A-0D70-4202-9EC1-E3C3A8B995BA}.Debug|Any CPU.ActiveCfg = Debug|Any CPU
		{2B1F971A-0D70-4202-9EC1-E3C3A8B995BA}.Debug|Any CPU.Build.0 = Debug|Any CPU
		{2B1F971A-0D70-4202-9EC1-E3C3A8B995BA}.Release|Any CPU.ActiveCfg = Release|Any CPU
		{2B1F971A-0D70-4202-9EC1-E3C3A8B995BA}.Release|Any CPU.Build.0 = Release|Any CPU
		{2F98CB7B-A505-4800-A05E-90C023AD3EE0}.Debug|Any CPU.ActiveCfg = Debug|Any CPU
		{2F98CB7B-A505-4800-A05E-90C023AD3EE0}.Debug|Any CPU.Build.0 = Debug|Any CPU
		{2F98CB7B-A505-4800-A05E-90C023AD3EE0}.Release|Any CPU.ActiveCfg = Release|Any CPU
		{2F98CB7B-A505-4800-A05E-90C023AD3EE0}.Release|Any CPU.Build.0 = Release|Any CPU
	EndGlobalSection
	GlobalSection(SolutionProperties) = preSolution
		HideSolutionNode = FALSE
	EndGlobalSection
EndGlobal
