
Microsoft Visual Studio Solution File, Format Version 11.00
# Visual Studio 2010
Project("{F184B08F-C81C-45F6-A57F-5ABD9991F28F}") = "SingleInstanceApplication", "SingleInstanceApplication.vbproj", "{BCA9BF1E-5B92-454C-A1C7-D815EEFBB631}"
EndProject
Global
	GlobalSection(SolutionConfigurationPlatforms) = preSolution
		Debug|Any CPU = Debug|Any CPU
		Release|Any CPU = Release|Any CPU
	EndGlobalSection
	GlobalSection(ProjectConfigurationPlatforms) = postSolution
		{BCA9BF1E-5B92-454C-A1C7-D815EEFBB631}.Debug|Any CPU.ActiveCfg = Debug|Any CPU
		{BCA9BF1E-5B92-454C-A1C7-D815EEFBB631}.Debug|Any CPU.Build.0 = Debug|Any CPU
		{BCA9BF1E-5B92-454C-A1C7-D815EEFBB631}.Release|Any CPU.ActiveCfg = Release|Any CPU
		{BCA9BF1E-5B92-454C-A1C7-D815EEFBB631}.Release|Any CPU.Build.0 = Release|Any CPU
	EndGlobalSection
	GlobalSection(SolutionProperties) = preSolution
		HideSolutionNode = FALSE
	EndGlobalSection
EndGlobal
